
Microsoft Visual Studio Solution File, Format Version 12.00
# Visual Studio Version 16
VisualStudioVersion = 16.0.29409.12
MinimumVisualStudioVersion = 10.0.40219.1
Project("{FAE04EC0-301F-11D3-BF4B-00C04F79EFBC}") = "RootMSTest", "RootMSTest.csproj", "{48215145-67C0-4E71-9A18-70445779CA7C}"
EndProject
Project("{9A19103F-16F7-4668-BE54-9A1E7A4F7556}") = "JoinRootInc_consoleApp", "..\JoinRootInc_consoleApp\JoinRootInc_consoleApp.csproj", "{7FAD6541-EA70-4419-A2BC-3FD68264CDB0}"
EndProject
Global
	GlobalSection(SolutionConfigurationPlatforms) = preSolution
		Debug|Any CPU = Debug|Any CPU
		Release|Any CPU = Release|Any CPU
	EndGlobalSection
	GlobalSection(ProjectConfigurationPlatforms) = postSolution
		{48215145-67C0-4E71-9A18-70445779CA7C}.Debug|Any CPU.ActiveCfg = Debug|Any CPU
		{48215145-67C0-4E71-9A18-70445779CA7C}.Debug|Any CPU.Build.0 = Debug|Any CPU
		{48215145-67C0-4E71-9A18-70445779CA7C}.Release|Any CPU.ActiveCfg = Release|Any CPU
		{48215145-67C0-4E71-9A18-70445779CA7C}.Release|Any CPU.Build.0 = Release|Any CPU
		{7FAD6541-EA70-4419-A2BC-3FD68264CDB0}.Debug|Any CPU.ActiveCfg = Debug|Any CPU
		{7FAD6541-EA70-4419-A2BC-3FD68264CDB0}.Debug|Any CPU.Build.0 = Debug|Any CPU
		{7FAD6541-EA70-4419-A2BC-3FD68264CDB0}.Release|Any CPU.ActiveCfg = Release|Any CPU
		{7FAD6541-EA70-4419-A2BC-3FD68264CDB0}.Release|Any CPU.Build.0 = Release|Any CPU
	EndGlobalSection
	GlobalSection(SolutionProperties) = preSolution
		HideSolutionNode = FALSE
	EndGlobalSection
	GlobalSection(ExtensibilityGlobals) = postSolution
		SolutionGuid = {22349AC1-50D3-47C9-A7FD-B40477357D3D}
	EndGlobalSection
EndGlobal
