
Microsoft Visual Studio Solution File, Format Version 12.00
# Visual Studio Version 16
VisualStudioVersion = 16.0.29409.12
MinimumVisualStudioVersion = 10.0.40219.1
Project("{FAE04EC0-301F-11D3-BF4B-00C04F79EFBC}") = "JoinRootInc_consoleApp", "JoinRootInc_consoleApp.csproj", "{8E434368-9744-48BC-9AF4-18683102EBF1}"
EndProject
Global
	GlobalSection(SolutionConfigurationPlatforms) = preSolution
		Debug|Any CPU = Debug|Any CPU
		Release|Any CPU = Release|Any CPU
	EndGlobalSection
	GlobalSection(ProjectConfigurationPlatforms) = postSolution
		{8E434368-9744-48BC-9AF4-18683102EBF1}.Debug|Any CPU.ActiveCfg = Debug|Any CPU
		{8E434368-9744-48BC-9AF4-18683102EBF1}.Debug|Any CPU.Build.0 = Debug|Any CPU
		{8E434368-9744-48BC-9AF4-18683102EBF1}.Release|Any CPU.ActiveCfg = Release|Any CPU
		{8E434368-9744-48BC-9AF4-18683102EBF1}.Release|Any CPU.Build.0 = Release|Any CPU
	EndGlobalSection
	GlobalSection(SolutionProperties) = preSolution
		HideSolutionNode = FALSE
	EndGlobalSection
	GlobalSection(ExtensibilityGlobals) = postSolution
		SolutionGuid = {B2EE5830-9752-49C3-A1EC-4D196562D3F0}
	EndGlobalSection
EndGlobal
